
Microsoft Visual Studio Solution File, Format Version 12.00
# Visual Studio Version 16
VisualStudioVersion = 16.0.32228.343
MinimumVisualStudioVersion = 10.0.40219.1
Project("{FAE04EC0-301F-11D3-BF4B-00C04F79EFBC}") = "Linterna.Android", "Linterna\Linterna.Android\Linterna.Android.csproj", "{EF812781-5967-4C43-92D0-57663188DF4A}"
EndProject
Project("{FAE04EC0-301F-11D3-BF4B-00C04F79EFBC}") = "Linterna.iOS", "Linterna\Linterna.iOS\Linterna.iOS.csproj", "{BA34B58C-FB0E-4273-A1E4-476A95152CCC}"
EndProject
Project("{FAE04EC0-301F-11D3-BF4B-00C04F79EFBC}") = "Linterna", "Linterna\Linterna\Linterna.csproj", "{EAA23415-3177-49B0-9047-C24E0C66EDE6}"
EndProject
Global
	GlobalSection(SolutionConfigurationPlatforms) = preSolution
		Debug|Any CPU = Debug|Any CPU
		Debug|iPhone = Debug|iPhone
		Debug|iPhoneSimulator = Debug|iPhoneSimulator
		Release|Any CPU = Release|Any CPU
		Release|iPhone = Release|iPhone
		Release|iPhoneSimulator = Release|iPhoneSimulator
	EndGlobalSection
	GlobalSection(ProjectConfigurationPlatforms) = postSolution
		{EF812781-5967-4C43-92D0-57663188DF4A}.Debug|Any CPU.ActiveCfg = Debug|Any CPU
		{EF812781-5967-4C43-92D0-57663188DF4A}.Debug|Any CPU.Build.0 = Debug|Any CPU
		{EF812781-5967-4C43-92D0-57663188DF4A}.Debug|Any CPU.Deploy.0 = Debug|Any CPU
		{EF812781-5967-4C43-92D0-57663188DF4A}.Debug|iPhone.ActiveCfg = Debug|Any CPU
		{EF812781-5967-4C43-92D0-57663188DF4A}.Debug|iPhone.Build.0 = Debug|Any CPU
		{EF812781-5967-4C43-92D0-57663188DF4A}.Debug|iPhone.Deploy.0 = Debug|Any CPU
		{EF812781-5967-4C43-92D0-57663188DF4A}.Debug|iPhoneSimulator.ActiveCfg = Debug|Any CPU
		{EF812781-5967-4C43-92D0-57663188DF4A}.Debug|iPhoneSimulator.Build.0 = Debug|Any CPU
		{EF812781-5967-4C43-92D0-57663188DF4A}.Debug|iPhoneSimulator.Deploy.0 = Debug|Any CPU
		{EF812781-5967-4C43-92D0-57663188DF4A}.Release|Any CPU.ActiveCfg = Release|Any CPU
		{EF812781-5967-4C43-92D0-57663188DF4A}.Release|Any CPU.Build.0 = Release|Any CPU
		{EF812781-5967-4C43-92D0-57663188DF4A}.Release|Any CPU.Deploy.0 = Release|Any CPU
		{EF812781-5967-4C43-92D0-57663188DF4A}.Release|iPhone.ActiveCfg = Release|Any CPU
		{EF812781-5967-4C43-92D0-57663188DF4A}.Release|iPhone.Build.0 = Release|Any CPU
		{EF812781-5967-4C43-92D0-57663188DF4A}.Release|iPhone.Deploy.0 = Release|Any CPU
		{EF812781-5967-4C43-92D0-57663188DF4A}.Release|iPhoneSimulator.ActiveCfg = Release|Any CPU
		{EF812781-5967-4C43-92D0-57663188DF4A}.Release|iPhoneSimulator.Build.0 = Release|Any CPU
		{EF812781-5967-4C43-92D0-57663188DF4A}.Release|iPhoneSimulator.Deploy.0 = Release|Any CPU
		{BA34B58C-FB0E-4273-A1E4-476A95152CCC}.Debug|Any CPU.ActiveCfg = Debug|iPhoneSimulator
		{BA34B58C-FB0E-4273-A1E4-476A95152CCC}.Debug|iPhone.ActiveCfg = Debug|iPhone
		{BA34B58C-FB0E-4273-A1E4-476A95152CCC}.Debug|iPhone.Build.0 = Debug|iPhone
		{BA34B58C-FB0E-4273-A1E4-476A95152CCC}.Debug|iPhoneSimulator.ActiveCfg = Debug|iPhoneSimulator
		{BA34B58C-FB0E-4273-A1E4-476A95152CCC}.Debug|iPhoneSimulator.Build.0 = Debug|iPhoneSimulator
		{BA34B58C-FB0E-4273-A1E4-476A95152CCC}.Release|Any CPU.ActiveCfg = Release|iPhoneSimulator
		{BA34B58C-FB0E-4273-A1E4-476A95152CCC}.Release|iPhone.ActiveCfg = Release|iPhone
		{BA34B58C-FB0E-4273-A1E4-476A95152CCC}.Release|iPhone.Build.0 = Release|iPhone
		{BA34B58C-FB0E-4273-A1E4-476A95152CCC}.Release|iPhoneSimulator.ActiveCfg = Release|iPhoneSimulator
		{BA34B58C-FB0E-4273-A1E4-476A95152CCC}.Release|iPhoneSimulator.Build.0 = Release|iPhoneSimulator
		{EAA23415-3177-49B0-9047-C24E0C66EDE6}.Debug|Any CPU.ActiveCfg = Debug|Any CPU
		{EAA23415-3177-49B0-9047-C24E0C66EDE6}.Debug|Any CPU.Build.0 = Debug|Any CPU
		{EAA23415-3177-49B0-9047-C24E0C66EDE6}.Debug|iPhone.ActiveCfg = Debug|Any CPU
		{EAA23415-3177-49B0-9047-C24E0C66EDE6}.Debug|iPhone.Build.0 = Debug|Any CPU
		{EAA23415-3177-49B0-9047-C24E0C66EDE6}.Debug|iPhoneSimulator.ActiveCfg = Debug|Any CPU
		{EAA23415-3177-49B0-9047-C24E0C66EDE6}.Debug|iPhoneSimulator.Build.0 = Debug|Any CPU
		{EAA23415-3177-49B0-9047-C24E0C66EDE6}.Release|Any CPU.ActiveCfg = Release|Any CPU
		{EAA23415-3177-49B0-9047-C24E0C66EDE6}.Release|Any CPU.Build.0 = Release|Any CPU
		{EAA23415-3177-49B0-9047-C24E0C66EDE6}.Release|iPhone.ActiveCfg = Release|Any CPU
		{EAA23415-3177-49B0-9047-C24E0C66EDE6}.Release|iPhone.Build.0 = Release|Any CPU
		{EAA23415-3177-49B0-9047-C24E0C66EDE6}.Release|iPhoneSimulator.ActiveCfg = Release|Any CPU
		{EAA23415-3177-49B0-9047-C24E0C66EDE6}.Release|iPhoneSimulator.Build.0 = Release|Any CPU
	EndGlobalSection
	GlobalSection(SolutionProperties) = preSolution
		HideSolutionNode = FALSE
	EndGlobalSection
	GlobalSection(ExtensibilityGlobals) = postSolution
		SolutionGuid = {14681D11-656E-4383-93E3-38857A82E59B}
	EndGlobalSection
EndGlobal
